
Microsoft Visual Studio Solution File, Format Version 12.00
# Visual Studio Version 17
VisualStudioVersion = 17.11.35222.181
MinimumVisualStudioVersion = 10.0.40219.1
Project("{FAE04EC0-301F-11D3-BF4B-00C04F79EFBC}") = "Hacked", "Hacked\Hacked.csproj", "{79FE3827-3A62-4EF5-90C5-2C871F3B8EF3}"
EndProject
Project("{2150E333-8FDC-42A3-9474-1A3956D46DE8}") = "Tests", "Tests", "{70423733-0464-42F5-86C2-D36AE12CBD92}"
EndProject
Project("{9A19103F-16F7-4668-BE54-9A1E7A4F7556}") = "Hacked.UITests", "Hacked.UITests\Hacked.UITests.csproj", "{D8BAB09E-3767-40CB-A5DB-5EA043F0EA99}"
EndProject
Project("{9A19103F-16F7-4668-BE54-9A1E7A4F7556}") = "Hacked.Tests", "Hacked.Tests\Hacked.Tests.csproj", "{AACA77BD-7D8F-4C4B-B29D-6BD060F95D84}"
EndProject
Project("{2150E333-8FDC-42A3-9474-1A3956D46DE8}") = "Solution Items", "Solution Items", "{07A9A270-EBDE-4254-9881-2B1FDE1A0E4C}"
	ProjectSection(SolutionItems) = preProject
		.gitignore = .gitignore
		Directory.Build.props = Directory.Build.props
		Directory.Build.targets = Directory.Build.targets
		Directory.Packages.props = Directory.Packages.props
		global.json = global.json
	EndProjectSection
EndProject
Global
	GlobalSection(SolutionConfigurationPlatforms) = preSolution
		Debug|Any CPU = Debug|Any CPU
		Release|Any CPU = Release|Any CPU
	EndGlobalSection
	GlobalSection(ProjectConfigurationPlatforms) = postSolution
		{79FE3827-3A62-4EF5-90C5-2C871F3B8EF3}.Debug|Any CPU.ActiveCfg = Debug|Any CPU
		{79FE3827-3A62-4EF5-90C5-2C871F3B8EF3}.Debug|Any CPU.Build.0 = Debug|Any CPU
		{79FE3827-3A62-4EF5-90C5-2C871F3B8EF3}.Debug|Any CPU.Deploy.0 = Debug|Any CPU
		{79FE3827-3A62-4EF5-90C5-2C871F3B8EF3}.Release|Any CPU.ActiveCfg = Release|Any CPU
		{79FE3827-3A62-4EF5-90C5-2C871F3B8EF3}.Release|Any CPU.Build.0 = Release|Any CPU
		{79FE3827-3A62-4EF5-90C5-2C871F3B8EF3}.Release|Any CPU.Deploy.0 = Release|Any CPU
		{D8BAB09E-3767-40CB-A5DB-5EA043F0EA99}.Debug|Any CPU.ActiveCfg = Debug|Any CPU
		{D8BAB09E-3767-40CB-A5DB-5EA043F0EA99}.Debug|Any CPU.Build.0 = Debug|Any CPU
		{D8BAB09E-3767-40CB-A5DB-5EA043F0EA99}.Debug|Any CPU.Deploy.0 = Debug|Any CPU
		{D8BAB09E-3767-40CB-A5DB-5EA043F0EA99}.Release|Any CPU.ActiveCfg = Release|Any CPU
		{D8BAB09E-3767-40CB-A5DB-5EA043F0EA99}.Release|Any CPU.Build.0 = Release|Any CPU
		{D8BAB09E-3767-40CB-A5DB-5EA043F0EA99}.Release|Any CPU.Deploy.0 = Release|Any CPU
		{AACA77BD-7D8F-4C4B-B29D-6BD060F95D84}.Debug|Any CPU.ActiveCfg = Debug|Any CPU
		{AACA77BD-7D8F-4C4B-B29D-6BD060F95D84}.Debug|Any CPU.Build.0 = Debug|Any CPU
		{AACA77BD-7D8F-4C4B-B29D-6BD060F95D84}.Debug|Any CPU.Deploy.0 = Debug|Any CPU
		{AACA77BD-7D8F-4C4B-B29D-6BD060F95D84}.Release|Any CPU.ActiveCfg = Release|Any CPU
		{AACA77BD-7D8F-4C4B-B29D-6BD060F95D84}.Release|Any CPU.Build.0 = Release|Any CPU
		{AACA77BD-7D8F-4C4B-B29D-6BD060F95D84}.Release|Any CPU.Deploy.0 = Release|Any CPU
	EndGlobalSection
	GlobalSection(SolutionProperties) = preSolution
		HideSolutionNode = FALSE
	EndGlobalSection
	GlobalSection(NestedProjects) = preSolution
		{D8BAB09E-3767-40CB-A5DB-5EA043F0EA99} = {70423733-0464-42F5-86C2-D36AE12CBD92}
		{AACA77BD-7D8F-4C4B-B29D-6BD060F95D84} = {70423733-0464-42F5-86C2-D36AE12CBD92}
	EndGlobalSection
	GlobalSection(ExtensibilityGlobals) = postSolution
		SolutionGuid = {C98CE01E-18D8-4C06-B958-8AEB2BAE41D6}
	EndGlobalSection
EndGlobal
