<Solution>
  <Folder Name="/Solution Items/">
    <File Path="Hacked.Uno/.gitignore" />
    <File Path="Hacked.Uno/Directory.Build.props" />
    <File Path="Hacked.Uno/Directory.Build.targets" />
    <File Path="Hacked.Uno/Directory.Packages.props" />
    <File Path="Hacked.Uno/global.json" />
  </Folder>
  <Folder Name="/Tests/">
    <Project Path="Hacked.Uno/Hacked.Tests/Hacked.Tests.csproj">
      <Deploy />
    </Project>
    <Project Path="Hacked.Uno/Hacked.UITests/Hacked.UITests.csproj">
      <Deploy />
    </Project>
  </Folder>
  <Project Path="Hacked.Core/Hacked.Core.csproj" />
  <Project Path="Hacked.Services/Hacked.Services.csproj" />
  <Project Path="Hacked.Uno/Hacked/Hacked.csproj">
    <Deploy />
  </Project>
</Solution>
